
Microsoft Visual Studio Solution File, Format Version 12.00
# Visual Studio 15
VisualStudioVersion = 15.0.27703.2042
MinimumVisualStudioVersion = 10.0.40219.1
Project("{FAE04EC0-301F-11D3-BF4B-00C04F79EFBC}") = "Yolotest", "Yolotest\Yolotest.csproj", "{0E2E81BA-978B-43FB-A497-0757B532DB1B}"
EndProject
Project("{FAE04EC0-301F-11D3-BF4B-00C04F79EFBC}") = "YOLO.Standard", "ClassLibrary1\YOLO.Standard.csproj", "{B05E0A2D-E130-4BEB-9815-909255A6552A}"
EndProject
Global
	GlobalSection(SolutionConfigurationPlatforms) = preSolution
		Debug|Any CPU = Debug|Any CPU
		Release|Any CPU = Release|Any CPU
	EndGlobalSection
	GlobalSection(ProjectConfigurationPlatforms) = postSolution
		{0E2E81BA-978B-43FB-A497-0757B532DB1B}.Debug|Any CPU.ActiveCfg = Debug|Any CPU
		{0E2E81BA-978B-43FB-A497-0757B532DB1B}.Debug|Any CPU.Build.0 = Debug|Any CPU
		{0E2E81BA-978B-43FB-A497-0757B532DB1B}.Release|Any CPU.ActiveCfg = Release|Any CPU
		{0E2E81BA-978B-43FB-A497-0757B532DB1B}.Release|Any CPU.Build.0 = Release|Any CPU
		{B05E0A2D-E130-4BEB-9815-909255A6552A}.Debug|Any CPU.ActiveCfg = Debug|Any CPU
		{B05E0A2D-E130-4BEB-9815-909255A6552A}.Debug|Any CPU.Build.0 = Debug|Any CPU
		{B05E0A2D-E130-4BEB-9815-909255A6552A}.Release|Any CPU.ActiveCfg = Release|Any CPU
		{B05E0A2D-E130-4BEB-9815-909255A6552A}.Release|Any CPU.Build.0 = Release|Any CPU
	EndGlobalSection
	GlobalSection(SolutionProperties) = preSolution
		HideSolutionNode = FALSE
	EndGlobalSection
	GlobalSection(ExtensibilityGlobals) = postSolution
		SolutionGuid = {289F5736-5288-43E1-905C-EA36EF7117C8}
	EndGlobalSection
EndGlobal
